// !$*UTF8*$!
{
	archiveVersion = 1;
	classes = {
	};
	objectVersion = 55;
	objects = {

/* Begin PBXBuildFile section */
		4BBAFA70277E7E8D009B1F1B /* AppDelegate.swift in Sources */ = {isa = PBXBuildFile; fileRef = 4BBAFA6F277E7E8D009B1F1B /* AppDelegate.swift */; };
		4BBAFA72277E7E8D009B1F1B /* SceneDelegate.swift in Sources */ = {isa = PBXBuildFile; fileRef = 4BBAFA71277E7E8D009B1F1B /* SceneDelegate.swift */; };
		4BBAFA74277E7E8D009B1F1B /* CountdownViewController.swift in Sources */ = {isa = PBXBuildFile; fileRef = 4BBAFA73277E7E8D009B1F1B /* CountdownViewController.swift */; };
		4BBAFA77277E7E8D009B1F1B /* Main.storyboard in Resources */ = {isa = PBXBuildFile; fileRef = 4BBAFA75277E7E8D009B1F1B /* Main.storyboard */; };
		4BBAFA79277E7E8E009B1F1B /* Assets.xcassets in Resources */ = {isa = PBXBuildFile; fileRef = 4BBAFA78277E7E8E009B1F1B /* Assets.xcassets */; };
		4BBAFA7C277E7E8E009B1F1B /* LaunchScreen.storyboard in Resources */ = {isa = PBXBuildFile; fileRef = 4BBAFA7A277E7E8E009B1F1B /* LaunchScreen.storyboard */; };
		4BBAFA86277E7F8C009B1F1B /* HappyNewYearViewController.swift in Sources */ = {isa = PBXBuildFile; fileRef = 4BBAFA85277E7F8C009B1F1B /* HappyNewYearViewController.swift */; };
		4BFB5D27277E888E0058DFCA /* Localizable.strings in Resources */ = {isa = PBXBuildFile; fileRef = 4BFB5D29277E888E0058DFCA /* Localizable.strings */; };
/* End PBXBuildFile section */

/* Begin PBXFileReference section */
		4BBAFA6C277E7E8D009B1F1B /* HappyNewYear2022.app */ = {isa = PBXFileReference; explicitFileType = wrapper.application; includeInIndex = 0; path = HappyNewYear2022.app; sourceTree = BUILT_PRODUCTS_DIR; };
		4BBAFA6F277E7E8D009B1F1B /* AppDelegate.swift */ = {isa = PBXFileReference; lastKnownFileType = sourcecode.swift; path = AppDelegate.swift; sourceTree = "<group>"; };
		4BBAFA71277E7E8D009B1F1B /* SceneDelegate.swift */ = {isa = PBXFileReference; lastKnownFileType = sourcecode.swift; path = SceneDelegate.swift; sourceTree = "<group>"; };
		4BBAFA73277E7E8D009B1F1B /* CountdownViewController.swift */ = {isa = PBXFileReference; lastKnownFileType = sourcecode.swift; path = CountdownViewController.swift; sourceTree = "<group>"; };
		4BBAFA76277E7E8D009B1F1B /* Base */ = {isa = PBXFileReference; lastKnownFileType = file.storyboard; name = Base; path = Base.lproj/Main.storyboard; sourceTree = "<group>"; };
		4BBAFA78277E7E8E009B1F1B /* Assets.xcassets */ = {isa = PBXFileReference; lastKnownFileType = folder.assetcatalog; path = Assets.xcassets; sourceTree = "<group>"; };
		4BBAFA7B277E7E8E009B1F1B /* Base */ = {isa = PBXFileReference; lastKnownFileType = file.storyboard; name = Base; path = Base.lproj/LaunchScreen.storyboard; sourceTree = "<group>"; };
		4BBAFA7D277E7E8E009B1F1B /* Info.plist */ = {isa = PBXFileReference; lastKnownFileType = text.plist.xml; path = Info.plist; sourceTree = "<group>"; };
		4BBAFA85277E7F8C009B1F1B /* HappyNewYearViewController.swift */ = {isa = PBXFileReference; lastKnownFileType = sourcecode.swift; path = HappyNewYearViewController.swift; sourceTree = "<group>"; };
		4BFB5D24277E88350058DFCA /* fr */ = {isa = PBXFileReference; lastKnownFileType = text.plist.strings; name = fr; path = fr.lproj/Main.strings; sourceTree = "<group>"; };
		4BFB5D28277E888E0058DFCA /* fr */ = {isa = PBXFileReference; lastKnownFileType = text.plist.strings; name = fr; path = fr.lproj/Localizable.strings; sourceTree = "<group>"; };
		4BFB5D2A277E88910058DFCA /* en */ = {isa = PBXFileReference; lastKnownFileType = text.plist.strings; name = en; path = en.lproj/Localizable.strings; sourceTree = "<group>"; };
		4BFB5D2B277E8A870058DFCA /* ar */ = {isa = PBXFileReference; lastKnownFileType = text.plist.strings; name = ar; path = ar.lproj/Main.strings; sourceTree = "<group>"; };
		4BFB5D2C277E8A870058DFCA /* ar */ = {isa = PBXFileReference; lastKnownFileType = text.plist.strings; name = ar; path = ar.lproj/LaunchScreen.strings; sourceTree = "<group>"; };
		4BFB5D2D277E8A870058DFCA /* ar */ = {isa = PBXFileReference; lastKnownFileType = text.plist.strings; name = ar; path = ar.lproj/Localizable.strings; sourceTree = "<group>"; };
/* End PBXFileReference section */

/* Begin PBXFrameworksBuildPhase section */
		4BBAFA69277E7E8D009B1F1B /* Frameworks */ = {
			isa = PBXFrameworksBuildPhase;
			buildActionMask = 2147483647;
			files = (
			);
			runOnlyForDeploymentPostprocessing = 0;
		};
/* End PBXFrameworksBuildPhase section */

/* Begin PBXGroup section */
		4BBAFA63277E7E8D009B1F1B = {
			isa = PBXGroup;
			children = (
				4BBAFA6E277E7E8D009B1F1B /* HappyNewYear2022 */,
				4BBAFA6D277E7E8D009B1F1B /* Products */,
			);
			sourceTree = "<group>";
		};
		4BBAFA6D277E7E8D009B1F1B /* Products */ = {
			isa = PBXGroup;
			children = (
				4BBAFA6C277E7E8D009B1F1B /* HappyNewYear2022.app */,
			);
			name = Products;
			sourceTree = "<group>";
		};
		4BBAFA6E277E7E8D009B1F1B /* HappyNewYear2022 */ = {
			isa = PBXGroup;
			children = (
				4BBAFA84277E7F6D009B1F1B /* Controller */,
				4BBAFA6F277E7E8D009B1F1B /* AppDelegate.swift */,
				4BBAFA71277E7E8D009B1F1B /* SceneDelegate.swift */,
				4BBAFA75277E7E8D009B1F1B /* Main.storyboard */,
				4BBAFA78277E7E8E009B1F1B /* Assets.xcassets */,
				4BBAFA7A277E7E8E009B1F1B /* LaunchScreen.storyboard */,
				4BBAFA7D277E7E8E009B1F1B /* Info.plist */,
				4BFB5D29277E888E0058DFCA /* Localizable.strings */,
			);
			path = HappyNewYear2022;
			sourceTree = "<group>";
		};
		4BBAFA84277E7F6D009B1F1B /* Controller */ = {
			isa = PBXGroup;
			children = (
				4BBAFA73277E7E8D009B1F1B /* CountdownViewController.swift */,
				4BBAFA85277E7F8C009B1F1B /* HappyNewYearViewController.swift */,
			);
			path = Controller;
			sourceTree = "<group>";
		};
/* End PBXGroup section */

/* Begin PBXNativeTarget section */
		4BBAFA6B277E7E8D009B1F1B /* HappyNewYear2022 */ = {
			isa = PBXNativeTarget;
			buildConfigurationList = 4BBAFA80277E7E8E009B1F1B /* Build configuration list for PBXNativeTarget "HappyNewYear2022" */;
			buildPhases = (
				4BBAFA68277E7E8D009B1F1B /* Sources */,
				4BBAFA69277E7E8D009B1F1B /* Frameworks */,
				4BBAFA6A277E7E8D009B1F1B /* Resources */,
			);
			buildRules = (
			);
			dependencies = (
			);
			name = HappyNewYear2022;
			productName = HappyNewYear2022;
			productReference = 4BBAFA6C277E7E8D009B1F1B /* HappyNewYear2022.app */;
			productType = "com.apple.product-type.application";
		};
/* End PBXNativeTarget section */

/* Begin PBXProject section */
		4BBAFA64277E7E8D009B1F1B /* Project object */ = {
			isa = PBXProject;
			attributes = {
				BuildIndependentTargetsInParallel = 1;
				LastSwiftUpdateCheck = 1320;
				LastUpgradeCheck = 1320;
				TargetAttributes = {
					4BBAFA6B277E7E8D009B1F1B = {
						CreatedOnToolsVersion = 13.2.1;
					};
				};
			};
			buildConfigurationList = 4BBAFA67277E7E8D009B1F1B /* Build configuration list for PBXProject "HappyNewYear2022" */;
			compatibilityVersion = "Xcode 13.0";
			developmentRegion = en;
			hasScannedForEncodings = 0;
			knownRegions = (
				en,
				Base,
				fr,
				ar,
			);
			mainGroup = 4BBAFA63277E7E8D009B1F1B;
			productRefGroup = 4BBAFA6D277E7E8D009B1F1B /* Products */;
			projectDirPath = "";
			projectRoot = "";
			targets = (
				4BBAFA6B277E7E8D009B1F1B /* HappyNewYear2022 */,
			);
		};
/* End PBXProject section */

/* Begin PBXResourcesBuildPhase section */
		4BBAFA6A277E7E8D009B1F1B /* Resources */ = {
			isa = PBXResourcesBuildPhase;
			buildActionMask = 2147483647;
			files = (
				4BBAFA7C277E7E8E009B1F1B /* LaunchScreen.storyboard in Resources */,
				4BFB5D27277E888E0058DFCA /* Localizable.strings in Resources */,
				4BBAFA79277E7E8E009B1F1B /* Assets.xcassets in Resources */,
				4BBAFA77277E7E8D009B1F1B /* Main.storyboard in Resources */,
			);
			runOnlyForDeploymentPostprocessing = 0;
		};
/* End PBXResourcesBuildPhase section */

/* Begin PBXSourcesBuildPhase section */
		4BBAFA68277E7E8D009B1F1B /* Sources */ = {
			isa = PBXSourcesBuildPhase;
			buildActionMask = 2147483647;
			files = (
				4BBAFA74277E7E8D009B1F1B /* CountdownViewController.swift in Sources */,
				4BBAFA70277E7E8D009B1F1B /* AppDelegate.swift in Sources */,
				4BBAFA86277E7F8C009B1F1B /* HappyNewYearViewController.swift in Sources */,
				4BBAFA72277E7E8D009B1F1B /* SceneDelegate.swift in Sources */,
			);
			runOnlyForDeploymentPostprocessing = 0;
		};
/* End PBXSourcesBuildPhase section */

/* Begin PBXVariantGroup section */
		4BBAFA75277E7E8D009B1F1B /* Main.storyboard */ = {
			isa = PBXVariantGroup;
			children = (
				4BBAFA76277E7E8D009B1F1B /* Base */,
				4BFB5D24277E88350058DFCA /* fr */,
				4BFB5D2B277E8A870058DFCA /* ar */,
			);
			name = Main.storyboard;
			sourceTree = "<group>";
		};
		4BBAFA7A277E7E8E009B1F1B /* LaunchScreen.storyboard */ = {
			isa = PBXVariantGroup;
			children = (
				4BBAFA7B277E7E8E009B1F1B /* Base */,
				4BFB5D2C277E8A870058DFCA /* ar */,
			);
			name = LaunchScreen.storyboard;
			sourceTree = "<group>";
		};
		4BFB5D29277E888E0058DFCA /* Localizable.strings */ = {
			isa = PBXVariantGroup;
			children = (
				4BFB5D28277E888E0058DFCA /* fr */,
				4BFB5D2A277E88910058DFCA /* en */,
				4BFB5D2D277E8A870058DFCA /* ar */,
			);
			name = Localizable.strings;
			sourceTree = "<group>";
		};
/* End PBXVariantGroup section */

/* Begin XCBuildConfiguration section */
		4BBAFA7E277E7E8E009B1F1B /* Debug */ = {
			isa = XCBuildConfiguration;
			buildSettings = {
				ALWAYS_SEARCH_USER_PATHS = NO;
				CLANG_ANALYZER_LOCALIZABILITY_NONLOCALIZED = YES;
				CLANG_ANALYZER_NONNULL = YES;
				CLANG_ANALYZER_NUMBER_OBJECT_CONVERSION = YES_AGGRESSIVE;
				CLANG_CXX_LANGUAGE_STANDARD = "gnu++17";
				CLANG_CXX_LIBRARY = "libc++";
				CLANG_ENABLE_MODULES = YES;
				CLANG_ENABLE_OBJC_ARC = YES;
				CLANG_ENABLE_OBJC_WEAK = YES;
				CLANG_WARN_BLOCK_CAPTURE_AUTORELEASING = YES;
				CLANG_WARN_BOOL_CONVERSION = YES;
				CLANG_WARN_COMMA = YES;
				CLANG_WARN_CONSTANT_CONVERSION = YES;
				CLANG_WARN_DEPRECATED_OBJC_IMPLEMENTATIONS = YES;
				CLANG_WARN_DIRECT_OBJC_ISA_USAGE = YES_ERROR;
				CLANG_WARN_DOCUMENTATION_COMMENTS = YES;
				CLANG_WARN_EMPTY_BODY = YES;
				CLANG_WARN_ENUM_CONVERSION = YES;
				CLANG_WARN_INFINITE_RECURSION = YES;
				CLANG_WARN_INT_CONVERSION = YES;
				CLANG_WARN_NON_LITERAL_NULL_CONVERSION = YES;
				CLANG_WARN_OBJC_IMPLICIT_RETAIN_SELF = YES;
				CLANG_WARN_OBJC_LITERAL_CONVERSION = YES;
				CLANG_WARN_OBJC_ROOT_CLASS = YES_ERROR;
				CLANG_WARN_QUOTED_INCLUDE_IN_FRAMEWORK_HEADER = YES;
				CLANG_WARN_RANGE_LOOP_ANALYSIS = YES;
				CLANG_WARN_STRICT_PROTOTYPES = YES;
				CLANG_WARN_SUSPICIOUS_MOVE = YES;
				CLANG_WARN_UNGUARDED_AVAILABILITY = YES_AGGRESSIVE;
				CLANG_WARN_UNREACHABLE_CODE = YES;
				CLANG_WARN__DUPLICATE_METHOD_MATCH = YES;
				COPY_PHASE_STRIP = NO;
				DEBUG_INFORMATION_FORMAT = dwarf;
				ENABLE_STRICT_OBJC_MSGSEND = YES;
				ENABLE_TESTABILITY = YES;
				GCC_C_LANGUAGE_STANDARD = gnu11;
				GCC_DYNAMIC_NO_PIC = NO;
				GCC_NO_COMMON_BLOCKS = YES;
				GCC_OPTIMIZATION_LEVEL = 0;
				GCC_PREPROCESSOR_DEFINITIONS = (
					"DEBUG=1",
					"$(inherited)",
				);
				GCC_WARN_64_TO_32_BIT_CONVERSION = YES;
				GCC_WARN_ABOUT_RETURN_TYPE = YES_ERROR;
				GCC_WARN_UNDECLARED_SELECTOR = YES;
				GCC_WARN_UNINITIALIZED_AUTOS = YES_AGGRESSIVE;
				GCC_WARN_UNUSED_FUNCTION = YES;
				GCC_WARN_UNUSED_VARIABLE = YES;
				IPHONEOS_DEPLOYMENT_TARGET = 15.2;
				MTL_ENABLE_DEBUG_INFO = INCLUDE_SOURCE;
				MTL_FAST_MATH = YES;
				ONLY_ACTIVE_ARCH = YES;
				SDKROOT = iphoneos;
				SWIFT_ACTIVE_COMPILATION_CONDITIONS = DEBUG;
				SWIFT_OPTIMIZATION_LEVEL = "-Onone";
			};
			name = Debug;
		};
		4BBAFA7F277E7E8E009B1F1B /* Release */ = {
			isa = XCBuildConfiguration;
			buildSettings = {
				ALWAYS_SEARCH_USER_PATHS = NO;
				CLANG_ANALYZER_LOCALIZABILITY_NONLOCALIZED = YES;
				CLANG_ANALYZER_NONNULL = YES;
				CLANG_ANALYZER_NUMBER_OBJECT_CONVERSION = YES_AGGRESSIVE;
				CLANG_CXX_LANGUAGE_STANDARD = "gnu++17";
				CLANG_CXX_LIBRARY = "libc++";
				CLANG_ENABLE_MODULES = YES;
				CLANG_ENABLE_OBJC_ARC = YES;
				CLANG_ENABLE_OBJC_WEAK = YES;
				CLANG_WARN_BLOCK_CAPTURE_AUTORELEASING = YES;
				CLANG_WARN_BOOL_CONVERSION = YES;
				CLANG_WARN_COMMA = YES;
				CLANG_WARN_CONSTANT_CONVERSION = YES;
				CLANG_WARN_DEPRECATED_OBJC_IMPLEMENTATIONS = YES;
				CLANG_WARN_DIRECT_OBJC_ISA_USAGE = YES_ERROR;
				CLANG_WARN_DOCUMENTATION_COMMENTS = YES;
				CLANG_WARN_EMPTY_BODY = YES;
				CLANG_WARN_ENUM_CONVERSION = YES;
				CLANG_WARN_INFINITE_RECURSION = YES;
				CLANG_WARN_INT_CONVERSION = YES;
				CLANG_WARN_NON_LITERAL_NULL_CONVERSION = YES;
				CLANG_WARN_OBJC_IMPLICIT_RETAIN_SELF = YES;
				CLANG_WARN_OBJC_LITERAL_CONVERSION = YES;
				CLANG_WARN_OBJC_ROOT_CLASS = YES_ERROR;
				CLANG_WARN_QUOTED_INCLUDE_IN_FRAMEWORK_HEADER = YES;
				CLANG_WARN_RANGE_LOOP_ANALYSIS = YES;
				CLANG_WARN_STRICT_PROTOTYPES = YES;
				CLANG_WARN_SUSPICIOUS_MOVE = YES;
				CLANG_WARN_UNGUARDED_AVAILABILITY = YES_AGGRESSIVE;
				CLANG_WARN_UNREACHABLE_CODE = YES;
				CLANG_WARN__DUPLICATE_METHOD_MATCH = YES;
				COPY_PHASE_STRIP = NO;
				DEBUG_INFORMATION_FORMAT = "dwarf-with-dsym";
				ENABLE_NS_ASSERTIONS = NO;
				ENABLE_STRICT_OBJC_MSGSEND = YES;
				GCC_C_LANGUAGE_STANDARD = gnu11;
				GCC_NO_COMMON_BLOCKS = YES;
				GCC_WARN_64_TO_32_BIT_CONVERSION = YES;
				GCC_WARN_ABOUT_RETURN_TYPE = YES_ERROR;
				GCC_WARN_UNDECLARED_SELECTOR = YES;
				GCC_WARN_UNINITIALIZED_AUTOS = YES_AGGRESSIVE;
				GCC_WARN_UNUSED_FUNCTION = YES;
				GCC_WARN_UNUSED_VARIABLE = YES;
				IPHONEOS_DEPLOYMENT_TARGET = 15.2;
				MTL_ENABLE_DEBUG_INFO = NO;
				MTL_FAST_MATH = YES;
				SDKROOT = iphoneos;
				SWIFT_COMPILATION_MODE = wholemodule;
				SWIFT_OPTIMIZATION_LEVEL = "-O";
				VALIDATE_PRODUCT = YES;
			};
			name = Release;
		};
		4BBAFA81277E7E8E009B1F1B /* Debug */ = {
			isa = XCBuildConfiguration;
			buildSettings = {
				ASSETCATALOG_COMPILER_APPICON_NAME = AppIcon;
				ASSETCATALOG_COMPILER_GLOBAL_ACCENT_COLOR_NAME = AccentColor;
				CODE_SIGN_STYLE = Automatic;
				CURRENT_PROJECT_VERSION = 1;
				DEVELOPMENT_TEAM = LX6HN92HPR;
				GENERATE_INFOPLIST_FILE = YES;
				INFOPLIST_FILE = HappyNewYear2022/Info.plist;
				INFOPLIST_KEY_UIApplicationSupportsIndirectInputEvents = YES;
				INFOPLIST_KEY_UILaunchStoryboardName = LaunchScreen;
				INFOPLIST_KEY_UIMainStoryboardFile = Main;
				INFOPLIST_KEY_UISupportedInterfaceOrientations = UIInterfaceOrientationPortrait;
				INFOPLIST_KEY_UISupportedInterfaceOrientations_iPad = "UIInterfaceOrientationPortrait UIInterfaceOrientationPortraitUpsideDown UIInterfaceOrientationLandscapeLeft UIInterfaceOrientationLandscapeRight";
				INFOPLIST_KEY_UISupportedInterfaceOrientations_iPhone = "UIInterfaceOrientationPortrait UIInterfaceOrientationLandscapeLeft UIInterfaceOrientationLandscapeRight";
				LD_RUNPATH_SEARCH_PATHS = (
					"$(inherited)",
					"@executable_path/Frameworks",
				);
				MARKETING_VERSION = 1.0;
				PRODUCT_BUNDLE_IDENTIFIER = com.kous92.HappyNewYear2022;
				PRODUCT_NAME = "$(TARGET_NAME)";
				SWIFT_EMIT_LOC_STRINGS = YES;
				SWIFT_VERSION = 5.0;
				TARGETED_DEVICE_FAMILY = "1,2";
			};
			name = Debug;
		};
		4BBAFA82277E7E8E009B1F1B /* Release */ = {
			isa = XCBuildConfiguration;
			buildSettings = {
				ASSETCATALOG_COMPILER_APPICON_NAME = AppIcon;
				ASSETCATALOG_COMPILER_GLOBAL_ACCENT_COLOR_NAME = AccentColor;
				CODE_SIGN_STYLE = Automatic;
				CURRENT_PROJECT_VERSION = 1;
				DEVELOPMENT_TEAM = LX6HN92HPR;
				GENERATE_INFOPLIST_FILE = YES;
				INFOPLIST_FILE = HappyNewYear2022/Info.plist;
				INFOPLIST_KEY_UIApplicationSupportsIndirectInputEvents = YES;
				INFOPLIST_KEY_UILaunchStoryboardName = LaunchScreen;
				INFOPLIST_KEY_UIMainStoryboardFile = Main;
				INFOPLIST_KEY_UISupportedInterfaceOrientations = UIInterfaceOrientationPortrait;
				INFOPLIST_KEY_UISupportedInterfaceOrientations_iPad = "UIInterfaceOrientationPortrait UIInterfaceOrientationPortraitUpsideDown UIInterfaceOrientationLandscapeLeft UIInterfaceOrientationLandscapeRight";
				INFOPLIST_KEY_UISupportedInterfaceOrientations_iPhone = "UIInterfaceOrientationPortrait UIInterfaceOrientationLandscapeLeft UIInterfaceOrientationLandscapeRight";
				LD_RUNPATH_SEARCH_PATHS = (
					"$(inherited)",
					"@executable_path/Frameworks",
				);
				MARKETING_VERSION = 1.0;
				PRODUCT_BUNDLE_IDENTIFIER = com.kous92.HappyNewYear2022;
				PRODUCT_NAME = "$(TARGET_NAME)";
				SWIFT_EMIT_LOC_STRINGS = YES;
				SWIFT_VERSION = 5.0;
				TARGETED_DEVICE_FAMILY = "1,2";
			};
			name = Release;
		};
/* End XCBuildConfiguration section */

/* Begin XCConfigurationList section */
		4BBAFA67277E7E8D009B1F1B /* Build configuration list for PBXProject "HappyNewYear2022" */ = {
			isa = XCConfigurationList;
			buildConfigurations = (
				4BBAFA7E277E7E8E009B1F1B /* Debug */,
				4BBAFA7F277E7E8E009B1F1B /* Release */,
			);
			defaultConfigurationIsVisible = 0;
			defaultConfigurationName = Release;
		};
		4BBAFA80277E7E8E009B1F1B /* Build configuration list for PBXNativeTarget "HappyNewYear2022" */ = {
			isa = XCConfigurationList;
			buildConfigurations = (
				4BBAFA81277E7E8E009B1F1B /* Debug */,
				4BBAFA82277E7E8E009B1F1B /* Release */,
			);
			defaultConfigurationIsVisible = 0;
			defaultConfigurationName = Release;
		};
/* End XCConfigurationList section */
	};
	rootObject = 4BBAFA64277E7E8D009B1F1B /* Project object */;
}
